// !$*UTF8*$!
{
	archiveVersion = 1;
	classes = {
	};
	objectVersion = 50;
	objects = {

/* Begin PBXBuildFile section */
		D97F043222683EFD0022AADB /* ScoresModel.swift in Sources */ = {isa = PBXBuildFile; fileRef = D97F043122683EFD0022AADB /* ScoresModel.swift */; };
		D97F04342268695F0022AADB /* DetailsViewController.swift in Sources */ = {isa = PBXBuildFile; fileRef = D97F04332268695F0022AADB /* DetailsViewController.swift */; };
		D97F04362268C3560022AADB /* TestViewController.swift in Sources */ = {isa = PBXBuildFile; fileRef = D97F04352268C3560022AADB /* TestViewController.swift */; };
		D9AB3F1A2268081F00874D9D /* AppDelegate.swift in Sources */ = {isa = PBXBuildFile; fileRef = D9AB3F192268081F00874D9D /* AppDelegate.swift */; };
		D9AB3F1C2268081F00874D9D /* SchoolListViewController.swift in Sources */ = {isa = PBXBuildFile; fileRef = D9AB3F1B2268081F00874D9D /* SchoolListViewController.swift */; };
		D9AB3F1F2268081F00874D9D /* Main.storyboard in Resources */ = {isa = PBXBuildFile; fileRef = D9AB3F1D2268081F00874D9D /* Main.storyboard */; };
		D9AB3F212268082300874D9D /* Assets.xcassets in Resources */ = {isa = PBXBuildFile; fileRef = D9AB3F202268082300874D9D /* Assets.xcassets */; };
		D9AB3F242268082300874D9D /* LaunchScreen.storyboard in Resources */ = {isa = PBXBuildFile; fileRef = D9AB3F222268082300874D9D /* LaunchScreen.storyboard */; };
		D9AB3F2F2268082300874D9D /* VirtusaCodingTestTests.swift in Sources */ = {isa = PBXBuildFile; fileRef = D9AB3F2E2268082300874D9D /* VirtusaCodingTestTests.swift */; };
		D9AB3F3A2268082400874D9D /* VirtusaCodingTestUITests.swift in Sources */ = {isa = PBXBuildFile; fileRef = D9AB3F392268082400874D9D /* VirtusaCodingTestUITests.swift */; };
		D9AB3FBD22680E5500874D9D /* NetworkManager.swift in Sources */ = {isa = PBXBuildFile; fileRef = D9AB3FBC22680E5500874D9D /* NetworkManager.swift */; };
		D9AB3FC02268111F00874D9D /* SchoolsListModel.swift in Sources */ = {isa = PBXBuildFile; fileRef = D9AB3FBF2268111F00874D9D /* SchoolsListModel.swift */; };
		D9AB3FC3226813BC00874D9D /* Constants.swift in Sources */ = {isa = PBXBuildFile; fileRef = D9AB3FC2226813BC00874D9D /* Constants.swift */; };
		D9AB3FC6226816FE00874D9D /* Storyboard+.swift in Sources */ = {isa = PBXBuildFile; fileRef = D9AB3FC5226816FE00874D9D /* Storyboard+.swift */; };
/* End PBXBuildFile section */

/* Begin PBXContainerItemProxy section */
		D9AB3F2B2268082300874D9D /* PBXContainerItemProxy */ = {
			isa = PBXContainerItemProxy;
			containerPortal = D9AB3F0E2268081E00874D9D /* Project object */;
			proxyType = 1;
			remoteGlobalIDString = D9AB3F152268081F00874D9D;
			remoteInfo = VirtusaCodingTest;
		};
		D9AB3F362268082400874D9D /* PBXContainerItemProxy */ = {
			isa = PBXContainerItemProxy;
			containerPortal = D9AB3F0E2268081E00874D9D /* Project object */;
			proxyType = 1;
			remoteGlobalIDString = D9AB3F152268081F00874D9D;
			remoteInfo = VirtusaCodingTest;
		};
/* End PBXContainerItemProxy section */

/* Begin PBXFileReference section */
		D97F043122683EFD0022AADB /* ScoresModel.swift */ = {isa = PBXFileReference; lastKnownFileType = sourcecode.swift; path = ScoresModel.swift; sourceTree = "<group>"; };
		D97F04332268695F0022AADB /* DetailsViewController.swift */ = {isa = PBXFileReference; lastKnownFileType = sourcecode.swift; path = DetailsViewController.swift; sourceTree = "<group>"; };
		D97F04352268C3560022AADB /* TestViewController.swift */ = {isa = PBXFileReference; lastKnownFileType = sourcecode.swift; path = TestViewController.swift; sourceTree = "<group>"; };
		D9AB3F162268081F00874D9D /* VirtusaCodingTest.app */ = {isa = PBXFileReference; explicitFileType = wrapper.application; includeInIndex = 0; path = VirtusaCodingTest.app; sourceTree = BUILT_PRODUCTS_DIR; };
		D9AB3F192268081F00874D9D /* AppDelegate.swift */ = {isa = PBXFileReference; lastKnownFileType = sourcecode.swift; path = AppDelegate.swift; sourceTree = "<group>"; };
		D9AB3F1B2268081F00874D9D /* SchoolListViewController.swift */ = {isa = PBXFileReference; lastKnownFileType = sourcecode.swift; path = SchoolListViewController.swift; sourceTree = "<group>"; };
		D9AB3F1E2268081F00874D9D /* Base */ = {isa = PBXFileReference; lastKnownFileType = file.storyboard; name = Base; path = Base.lproj/Main.storyboard; sourceTree = "<group>"; };
		D9AB3F202268082300874D9D /* Assets.xcassets */ = {isa = PBXFileReference; lastKnownFileType = folder.assetcatalog; path = Assets.xcassets; sourceTree = "<group>"; };
		D9AB3F232268082300874D9D /* Base */ = {isa = PBXFileReference; lastKnownFileType = file.storyboard; name = Base; path = Base.lproj/LaunchScreen.storyboard; sourceTree = "<group>"; };
		D9AB3F252268082300874D9D /* Info.plist */ = {isa = PBXFileReference; lastKnownFileType = text.plist.xml; path = Info.plist; sourceTree = "<group>"; };
		D9AB3F2A2268082300874D9D /* VirtusaCodingTestTests.xctest */ = {isa = PBXFileReference; explicitFileType = wrapper.cfbundle; includeInIndex = 0; path = VirtusaCodingTestTests.xctest; sourceTree = BUILT_PRODUCTS_DIR; };
		D9AB3F2E2268082300874D9D /* VirtusaCodingTestTests.swift */ = {isa = PBXFileReference; lastKnownFileType = sourcecode.swift; path = VirtusaCodingTestTests.swift; sourceTree = "<group>"; };
		D9AB3F302268082300874D9D /* Info.plist */ = {isa = PBXFileReference; lastKnownFileType = text.plist.xml; path = Info.plist; sourceTree = "<group>"; };
		D9AB3F352268082400874D9D /* VirtusaCodingTestUITests.xctest */ = {isa = PBXFileReference; explicitFileType = wrapper.cfbundle; includeInIndex = 0; path = VirtusaCodingTestUITests.xctest; sourceTree = BUILT_PRODUCTS_DIR; };
		D9AB3F392268082400874D9D /* VirtusaCodingTestUITests.swift */ = {isa = PBXFileReference; lastKnownFileType = sourcecode.swift; path = VirtusaCodingTestUITests.swift; sourceTree = "<group>"; };
		D9AB3F3B2268082400874D9D /* Info.plist */ = {isa = PBXFileReference; lastKnownFileType = text.plist.xml; path = Info.plist; sourceTree = "<group>"; };
		D9AB3FBC22680E5500874D9D /* NetworkManager.swift */ = {isa = PBXFileReference; lastKnownFileType = sourcecode.swift; path = NetworkManager.swift; sourceTree = "<group>"; };
		D9AB3FBF2268111F00874D9D /* SchoolsListModel.swift */ = {isa = PBXFileReference; lastKnownFileType = sourcecode.swift; path = SchoolsListModel.swift; sourceTree = "<group>"; };
		D9AB3FC2226813BC00874D9D /* Constants.swift */ = {isa = PBXFileReference; lastKnownFileType = sourcecode.swift; path = Constants.swift; sourceTree = "<group>"; };
		D9AB3FC5226816FE00874D9D /* Storyboard+.swift */ = {isa = PBXFileReference; lastKnownFileType = sourcecode.swift; path = "Storyboard+.swift"; sourceTree = "<group>"; };
/* End PBXFileReference section */

/* Begin PBXFrameworksBuildPhase section */
		D9AB3F132268081F00874D9D /* Frameworks */ = {
			isa = PBXFrameworksBuildPhase;
			buildActionMask = 2147483647;
			files = (
			);
			runOnlyForDeploymentPostprocessing = 0;
		};
		D9AB3F272268082300874D9D /* Frameworks */ = {
			isa = PBXFrameworksBuildPhase;
			buildActionMask = 2147483647;
			files = (
			);
			runOnlyForDeploymentPostprocessing = 0;
		};
		D9AB3F322268082400874D9D /* Frameworks */ = {
			isa = PBXFrameworksBuildPhase;
			buildActionMask = 2147483647;
			files = (
			);
			runOnlyForDeploymentPostprocessing = 0;
		};
/* End PBXFrameworksBuildPhase section */

/* Begin PBXGroup section */
		D9AB3F0D2268081E00874D9D = {
			isa = PBXGroup;
			children = (
				D9AB3F182268081F00874D9D /* VirtusaCodingTest */,
				D9AB3F2D2268082300874D9D /* VirtusaCodingTestTests */,
				D9AB3F382268082400874D9D /* VirtusaCodingTestUITests */,
				D9AB3F172268081F00874D9D /* Products */,
			);
			sourceTree = "<group>";
		};
		D9AB3F172268081F00874D9D /* Products */ = {
			isa = PBXGroup;
			children = (
				D9AB3F162268081F00874D9D /* VirtusaCodingTest.app */,
				D9AB3F2A2268082300874D9D /* VirtusaCodingTestTests.xctest */,
				D9AB3F352268082400874D9D /* VirtusaCodingTestUITests.xctest */,
			);
			name = Products;
			sourceTree = "<group>";
		};
		D9AB3F182268081F00874D9D /* VirtusaCodingTest */ = {
			isa = PBXGroup;
			children = (
				D9AB3FC72268173200874D9D /* Controllers */,
				D9AB3FC4226816E000874D9D /* Extensions */,
				D9AB3FC1226813A500874D9D /* Utility */,
				D9AB3FBE226810AF00874D9D /* Model */,
				D9AB3FBB22680E3B00874D9D /* Manager */,
				D9AB3F192268081F00874D9D /* AppDelegate.swift */,
				D9AB3F1D2268081F00874D9D /* Main.storyboard */,
				D9AB3F202268082300874D9D /* Assets.xcassets */,
				D9AB3F222268082300874D9D /* LaunchScreen.storyboard */,
				D9AB3F252268082300874D9D /* Info.plist */,
			);
			path = VirtusaCodingTest;
			sourceTree = "<group>";
		};
		D9AB3F2D2268082300874D9D /* VirtusaCodingTestTests */ = {
			isa = PBXGroup;
			children = (
				D9AB3F2E2268082300874D9D /* VirtusaCodingTestTests.swift */,
				D9AB3F302268082300874D9D /* Info.plist */,
			);
			path = VirtusaCodingTestTests;
			sourceTree = "<group>";
		};
		D9AB3F382268082400874D9D /* VirtusaCodingTestUITests */ = {
			isa = PBXGroup;
			children = (
				D9AB3F392268082400874D9D /* VirtusaCodingTestUITests.swift */,
				D9AB3F3B2268082400874D9D /* Info.plist */,
			);
			path = VirtusaCodingTestUITests;
			sourceTree = "<group>";
		};
		D9AB3FBB22680E3B00874D9D /* Manager */ = {
			isa = PBXGroup;
			children = (
				D9AB3FBC22680E5500874D9D /* NetworkManager.swift */,
			);
			path = Manager;
			sourceTree = "<group>";
		};
		D9AB3FBE226810AF00874D9D /* Model */ = {
			isa = PBXGroup;
			children = (
				D9AB3FBF2268111F00874D9D /* SchoolsListModel.swift */,
				D97F043122683EFD0022AADB /* ScoresModel.swift */,
			);
			path = Model;
			sourceTree = "<group>";
		};
		D9AB3FC1226813A500874D9D /* Utility */ = {
			isa = PBXGroup;
			children = (
				D9AB3FC2226813BC00874D9D /* Constants.swift */,
			);
			path = Utility;
			sourceTree = "<group>";
		};
		D9AB3FC4226816E000874D9D /* Extensions */ = {
			isa = PBXGroup;
			children = (
				D9AB3FC5226816FE00874D9D /* Storyboard+.swift */,
			);
			path = Extensions;
			sourceTree = "<group>";
		};
		D9AB3FC72268173200874D9D /* Controllers */ = {
			isa = PBXGroup;
			children = (
				D9AB3F1B2268081F00874D9D /* SchoolListViewController.swift */,
				D97F04352268C3560022AADB /* TestViewController.swift */,
				D97F04332268695F0022AADB /* DetailsViewController.swift */,
			);
			path = Controllers;
			sourceTree = "<group>";
		};
/* End PBXGroup section */

/* Begin PBXNativeTarget section */
		D9AB3F152268081F00874D9D /* VirtusaCodingTest */ = {
			isa = PBXNativeTarget;
			buildConfigurationList = D9AB3F3E2268082400874D9D /* Build configuration list for PBXNativeTarget "VirtusaCodingTest" */;
			buildPhases = (
				D9AB3F122268081F00874D9D /* Sources */,
				D9AB3F132268081F00874D9D /* Frameworks */,
				D9AB3F142268081F00874D9D /* Resources */,
			);
			buildRules = (
			);
			dependencies = (
			);
			name = VirtusaCodingTest;
			productName = VirtusaCodingTest;
			productReference = D9AB3F162268081F00874D9D /* VirtusaCodingTest.app */;
			productType = "com.apple.product-type.application";
		};
		D9AB3F292268082300874D9D /* VirtusaCodingTestTests */ = {
			isa = PBXNativeTarget;
			buildConfigurationList = D9AB3F412268082400874D9D /* Build configuration list for PBXNativeTarget "VirtusaCodingTestTests" */;
			buildPhases = (
				D9AB3F262268082300874D9D /* Sources */,
				D9AB3F272268082300874D9D /* Frameworks */,
				D9AB3F282268082300874D9D /* Resources */,
			);
			buildRules = (
			);
			dependencies = (
				D9AB3F2C2268082300874D9D /* PBXTargetDependency */,
			);
			name = VirtusaCodingTestTests;
			productName = VirtusaCodingTestTests;
			productReference = D9AB3F2A2268082300874D9D /* VirtusaCodingTestTests.xctest */;
			productType = "com.apple.product-type.bundle.unit-test";
		};
		D9AB3F342268082400874D9D /* VirtusaCodingTestUITests */ = {
			isa = PBXNativeTarget;
			buildConfigurationList = D9AB3F442268082400874D9D /* Build configuration list for PBXNativeTarget "VirtusaCodingTestUITests" */;
			buildPhases = (
				D9AB3F312268082400874D9D /* Sources */,
				D9AB3F322268082400874D9D /* Frameworks */,
				D9AB3F332268082400874D9D /* Resources */,
			);
			buildRules = (
			);
			dependencies = (
				D9AB3F372268082400874D9D /* PBXTargetDependency */,
			);
			name = VirtusaCodingTestUITests;
			productName = VirtusaCodingTestUITests;
			productReference = D9AB3F352268082400874D9D /* VirtusaCodingTestUITests.xctest */;
			productType = "com.apple.product-type.bundle.ui-testing";
		};
/* End PBXNativeTarget section */

/* Begin PBXProject section */
		D9AB3F0E2268081E00874D9D /* Project object */ = {
			isa = PBXProject;
			attributes = {
				LastSwiftUpdateCheck = 1020;
				LastUpgradeCheck = 1020;
				ORGANIZATIONNAME = "Subbu Chaudhary";
				TargetAttributes = {
					D9AB3F152268081F00874D9D = {
						CreatedOnToolsVersion = 10.2;
					};
					D9AB3F292268082300874D9D = {
						CreatedOnToolsVersion = 10.2;
						TestTargetID = D9AB3F152268081F00874D9D;
					};
					D9AB3F342268082400874D9D = {
						CreatedOnToolsVersion = 10.2;
						TestTargetID = D9AB3F152268081F00874D9D;
					};
				};
			};
			buildConfigurationList = D9AB3F112268081E00874D9D /* Build configuration list for PBXProject "VirtusaCodingTest" */;
			compatibilityVersion = "Xcode 9.3";
			developmentRegion = en;
			hasScannedForEncodings = 0;
			knownRegions = (
				en,
				Base,
			);
			mainGroup = D9AB3F0D2268081E00874D9D;
			productRefGroup = D9AB3F172268081F00874D9D /* Products */;
			projectDirPath = "";
			projectRoot = "";
			targets = (
				D9AB3F152268081F00874D9D /* VirtusaCodingTest */,
				D9AB3F292268082300874D9D /* VirtusaCodingTestTests */,
				D9AB3F342268082400874D9D /* VirtusaCodingTestUITests */,
			);
		};
/* End PBXProject section */

/* Begin PBXResourcesBuildPhase section */
		D9AB3F142268081F00874D9D /* Resources */ = {
			isa = PBXResourcesBuildPhase;
			buildActionMask = 2147483647;
			files = (
				D9AB3F242268082300874D9D /* LaunchScreen.storyboard in Resources */,
				D9AB3F212268082300874D9D /* Assets.xcassets in Resources */,
				D9AB3F1F2268081F00874D9D /* Main.storyboard in Resources */,
			);
			runOnlyForDeploymentPostprocessing = 0;
		};
		D9AB3F282268082300874D9D /* Resources */ = {
			isa = PBXResourcesBuildPhase;
			buildActionMask = 2147483647;
			files = (
			);
			runOnlyForDeploymentPostprocessing = 0;
		};
		D9AB3F332268082400874D9D /* Resources */ = {
			isa = PBXResourcesBuildPhase;
			buildActionMask = 2147483647;
			files = (
			);
			runOnlyForDeploymentPostprocessing = 0;
		};
/* End PBXResourcesBuildPhase section */

/* Begin PBXSourcesBuildPhase section */
		D9AB3F122268081F00874D9D /* Sources */ = {
			isa = PBXSourcesBuildPhase;
			buildActionMask = 2147483647;
			files = (
				D9AB3FC3226813BC00874D9D /* Constants.swift in Sources */,
				D9AB3FBD22680E5500874D9D /* NetworkManager.swift in Sources */,
				D97F043222683EFD0022AADB /* ScoresModel.swift in Sources */,
				D97F04342268695F0022AADB /* DetailsViewController.swift in Sources */,
				D9AB3FC6226816FE00874D9D /* Storyboard+.swift in Sources */,
				D9AB3FC02268111F00874D9D /* SchoolsListModel.swift in Sources */,
				D9AB3F1C2268081F00874D9D /* SchoolListViewController.swift in Sources */,
				D97F04362268C3560022AADB /* TestViewController.swift in Sources */,
				D9AB3F1A2268081F00874D9D /* AppDelegate.swift in Sources */,
			);
			runOnlyForDeploymentPostprocessing = 0;
		};
		D9AB3F262268082300874D9D /* Sources */ = {
			isa = PBXSourcesBuildPhase;
			buildActionMask = 2147483647;
			files = (
				D9AB3F2F2268082300874D9D /* VirtusaCodingTestTests.swift in Sources */,
			);
			runOnlyForDeploymentPostprocessing = 0;
		};
		D9AB3F312268082400874D9D /* Sources */ = {
			isa = PBXSourcesBuildPhase;
			buildActionMask = 2147483647;
			files = (
				D9AB3F3A2268082400874D9D /* VirtusaCodingTestUITests.swift in Sources */,
			);
			runOnlyForDeploymentPostprocessing = 0;
		};
/* End PBXSourcesBuildPhase section */

/* Begin PBXTargetDependency section */
		D9AB3F2C2268082300874D9D /* PBXTargetDependency */ = {
			isa = PBXTargetDependency;
			target = D9AB3F152268081F00874D9D /* VirtusaCodingTest */;
			targetProxy = D9AB3F2B2268082300874D9D /* PBXContainerItemProxy */;
		};
		D9AB3F372268082400874D9D /* PBXTargetDependency */ = {
			isa = PBXTargetDependency;
			target = D9AB3F152268081F00874D9D /* VirtusaCodingTest */;
			targetProxy = D9AB3F362268082400874D9D /* PBXContainerItemProxy */;
		};
/* End PBXTargetDependency section */

/* Begin PBXVariantGroup section */
		D9AB3F1D2268081F00874D9D /* Main.storyboard */ = {
			isa = PBXVariantGroup;
			children = (
				D9AB3F1E2268081F00874D9D /* Base */,
			);
			name = Main.storyboard;
			sourceTree = "<group>";
		};
		D9AB3F222268082300874D9D /* LaunchScreen.storyboard */ = {
			isa = PBXVariantGroup;
			children = (
				D9AB3F232268082300874D9D /* Base */,
			);
			name = LaunchScreen.storyboard;
			sourceTree = "<group>";
		};
/* End PBXVariantGroup section */

/* Begin XCBuildConfiguration section */
		D9AB3F3C2268082400874D9D /* Debug */ = {
			isa = XCBuildConfiguration;
			buildSettings = {
				ALWAYS_SEARCH_USER_PATHS = NO;
				CLANG_ANALYZER_NONNULL = YES;
				CLANG_ANALYZER_NUMBER_OBJECT_CONVERSION = YES_AGGRESSIVE;
				CLANG_CXX_LANGUAGE_STANDARD = "gnu++14";
				CLANG_CXX_LIBRARY = "libc++";
				CLANG_ENABLE_MODULES = YES;
				CLANG_ENABLE_OBJC_ARC = YES;
				CLANG_ENABLE_OBJC_WEAK = YES;
				CLANG_WARN_BLOCK_CAPTURE_AUTORELEASING = YES;
				CLANG_WARN_BOOL_CONVERSION = YES;
				CLANG_WARN_COMMA = YES;
				CLANG_WARN_CONSTANT_CONVERSION = YES;
				CLANG_WARN_DEPRECATED_OBJC_IMPLEMENTATIONS = YES;
				CLANG_WARN_DIRECT_OBJC_ISA_USAGE = YES_ERROR;
				CLANG_WARN_DOCUMENTATION_COMMENTS = YES;
				CLANG_WARN_EMPTY_BODY = YES;
				CLANG_WARN_ENUM_CONVERSION = YES;
				CLANG_WARN_INFINITE_RECURSION = YES;
				CLANG_WARN_INT_CONVERSION = YES;
				CLANG_WARN_NON_LITERAL_NULL_CONVERSION = YES;
				CLANG_WARN_OBJC_IMPLICIT_RETAIN_SELF = YES;
				CLANG_WARN_OBJC_LITERAL_CONVERSION = YES;
				CLANG_WARN_OBJC_ROOT_CLASS = YES_ERROR;
				CLANG_WARN_RANGE_LOOP_ANALYSIS = YES;
				CLANG_WARN_STRICT_PROTOTYPES = YES;
				CLANG_WARN_SUSPICIOUS_MOVE = YES;
				CLANG_WARN_UNGUARDED_AVAILABILITY = YES_AGGRESSIVE;
				CLANG_WARN_UNREACHABLE_CODE = YES;
				CLANG_WARN__DUPLICATE_METHOD_MATCH = YES;
				CODE_SIGN_IDENTITY = "iPhone Developer";
				COPY_PHASE_STRIP = NO;
				DEBUG_INFORMATION_FORMAT = dwarf;
				ENABLE_STRICT_OBJC_MSGSEND = YES;
				ENABLE_TESTABILITY = YES;
				GCC_C_LANGUAGE_STANDARD = gnu11;
				GCC_DYNAMIC_NO_PIC = NO;
				GCC_NO_COMMON_BLOCKS = YES;
				GCC_OPTIMIZATION_LEVEL = 0;
				GCC_PREPROCESSOR_DEFINITIONS = (
					"DEBUG=1",
					"$(inherited)",
				);
				GCC_WARN_64_TO_32_BIT_CONVERSION = YES;
				GCC_WARN_ABOUT_RETURN_TYPE = YES_ERROR;
				GCC_WARN_UNDECLARED_SELECTOR = YES;
				GCC_WARN_UNINITIALIZED_AUTOS = YES_AGGRESSIVE;
				GCC_WARN_UNUSED_FUNCTION = YES;
				GCC_WARN_UNUSED_VARIABLE = YES;
				IPHONEOS_DEPLOYMENT_TARGET = 12.2;
				MTL_ENABLE_DEBUG_INFO = INCLUDE_SOURCE;
				MTL_FAST_MATH = YES;
				ONLY_ACTIVE_ARCH = YES;
				SDKROOT = iphoneos;
				SWIFT_ACTIVE_COMPILATION_CONDITIONS = DEBUG;
				SWIFT_OPTIMIZATION_LEVEL = "-Onone";
			};
			name = Debug;
		};
		D9AB3F3D2268082400874D9D /* Release */ = {
			isa = XCBuildConfiguration;
			buildSettings = {
				ALWAYS_SEARCH_USER_PATHS = NO;
				CLANG_ANALYZER_NONNULL = YES;
				CLANG_ANALYZER_NUMBER_OBJECT_CONVERSION = YES_AGGRESSIVE;
				CLANG_CXX_LANGUAGE_STANDARD = "gnu++14";
				CLANG_CXX_LIBRARY = "libc++";
				CLANG_ENABLE_MODULES = YES;
				CLANG_ENABLE_OBJC_ARC = YES;
				CLANG_ENABLE_OBJC_WEAK = YES;
				CLANG_WARN_BLOCK_CAPTURE_AUTORELEASING = YES;
				CLANG_WARN_BOOL_CONVERSION = YES;
				CLANG_WARN_COMMA = YES;
				CLANG_WARN_CONSTANT_CONVERSION = YES;
				CLANG_WARN_DEPRECATED_OBJC_IMPLEMENTATIONS = YES;
				CLANG_WARN_DIRECT_OBJC_ISA_USAGE = YES_ERROR;
				CLANG_WARN_DOCUMENTATION_COMMENTS = YES;
				CLANG_WARN_EMPTY_BODY = YES;
				CLANG_WARN_ENUM_CONVERSION = YES;
				CLANG_WARN_INFINITE_RECURSION = YES;
				CLANG_WARN_INT_CONVERSION = YES;
				CLANG_WARN_NON_LITERAL_NULL_CONVERSION = YES;
				CLANG_WARN_OBJC_IMPLICIT_RETAIN_SELF = YES;
				CLANG_WARN_OBJC_LITERAL_CONVERSION = YES;
				CLANG_WARN_OBJC_ROOT_CLASS = YES_ERROR;
				CLANG_WARN_RANGE_LOOP_ANALYSIS = YES;
				CLANG_WARN_STRICT_PROTOTYPES = YES;
				CLANG_WARN_SUSPICIOUS_MOVE = YES;
				CLANG_WARN_UNGUARDED_AVAILABILITY = YES_AGGRESSIVE;
				CLANG_WARN_UNREACHABLE_CODE = YES;
				CLANG_WARN__DUPLICATE_METHOD_MATCH = YES;
				CODE_SIGN_IDENTITY = "iPhone Developer";
				COPY_PHASE_STRIP = NO;
				DEBUG_INFORMATION_FORMAT = "dwarf-with-dsym";
				ENABLE_NS_ASSERTIONS = NO;
				ENABLE_STRICT_OBJC_MSGSEND = YES;
				GCC_C_LANGUAGE_STANDARD = gnu11;
				GCC_NO_COMMON_BLOCKS = YES;
				GCC_WARN_64_TO_32_BIT_CONVERSION = YES;
				GCC_WARN_ABOUT_RETURN_TYPE = YES_ERROR;
				GCC_WARN_UNDECLARED_SELECTOR = YES;
				GCC_WARN_UNINITIALIZED_AUTOS = YES_AGGRESSIVE;
				GCC_WARN_UNUSED_FUNCTION = YES;
				GCC_WARN_UNUSED_VARIABLE = YES;
				IPHONEOS_DEPLOYMENT_TARGET = 12.2;
				MTL_ENABLE_DEBUG_INFO = NO;
				MTL_FAST_MATH = YES;
				SDKROOT = iphoneos;
				SWIFT_COMPILATION_MODE = wholemodule;
				SWIFT_OPTIMIZATION_LEVEL = "-O";
				VALIDATE_PRODUCT = YES;
			};
			name = Release;
		};
		D9AB3F3F2268082400874D9D /* Debug */ = {
			isa = XCBuildConfiguration;
			buildSettings = {
				ASSETCATALOG_COMPILER_APPICON_NAME = AppIcon;
				CODE_SIGN_STYLE = Automatic;
				DEVELOPMENT_TEAM = PGLSP3373Z;
				INFOPLIST_FILE = VirtusaCodingTest/Info.plist;
				LD_RUNPATH_SEARCH_PATHS = (
					"$(inherited)",
					"@executable_path/Frameworks",
				);
				PRODUCT_BUNDLE_IDENTIFIER = "Subbu-Chaudhary.VirtusaCodingTest";
				PRODUCT_NAME = "$(TARGET_NAME)";
				SWIFT_VERSION = 5.0;
				TARGETED_DEVICE_FAMILY = "1,2";
			};
			name = Debug;
		};
		D9AB3F402268082400874D9D /* Release */ = {
			isa = XCBuildConfiguration;
			buildSettings = {
				ASSETCATALOG_COMPILER_APPICON_NAME = AppIcon;
				CODE_SIGN_STYLE = Automatic;
				DEVELOPMENT_TEAM = PGLSP3373Z;
				INFOPLIST_FILE = VirtusaCodingTest/Info.plist;
				LD_RUNPATH_SEARCH_PATHS = (
					"$(inherited)",
					"@executable_path/Frameworks",
				);
				PRODUCT_BUNDLE_IDENTIFIER = "Subbu-Chaudhary.VirtusaCodingTest";
				PRODUCT_NAME = "$(TARGET_NAME)";
				SWIFT_VERSION = 5.0;
				TARGETED_DEVICE_FAMILY = "1,2";
			};
			name = Release;
		};
		D9AB3F422268082400874D9D /* Debug */ = {
			isa = XCBuildConfiguration;
			buildSettings = {
				ALWAYS_EMBED_SWIFT_STANDARD_LIBRARIES = YES;
				BUNDLE_LOADER = "$(TEST_HOST)";
				CODE_SIGN_STYLE = Automatic;
				DEVELOPMENT_TEAM = PGLSP3373Z;
				INFOPLIST_FILE = VirtusaCodingTestTests/Info.plist;
				LD_RUNPATH_SEARCH_PATHS = (
					"$(inherited)",
					"@executable_path/Frameworks",
					"@loader_path/Frameworks",
				);
				PRODUCT_BUNDLE_IDENTIFIER = "Subbu-Chaudhary.VirtusaCodingTestTests";
				PRODUCT_NAME = "$(TARGET_NAME)";
				SWIFT_VERSION = 5.0;
				TARGETED_DEVICE_FAMILY = "1,2";
				TEST_HOST = "$(BUILT_PRODUCTS_DIR)/VirtusaCodingTest.app/VirtusaCodingTest";
			};
			name = Debug;
		};
		D9AB3F432268082400874D9D /* Release */ = {
			isa = XCBuildConfiguration;
			buildSettings = {
				ALWAYS_EMBED_SWIFT_STANDARD_LIBRARIES = YES;
				BUNDLE_LOADER = "$(TEST_HOST)";
				CODE_SIGN_STYLE = Automatic;
				DEVELOPMENT_TEAM = PGLSP3373Z;
				INFOPLIST_FILE = VirtusaCodingTestTests/Info.plist;
				LD_RUNPATH_SEARCH_PATHS = (
					"$(inherited)",
					"@executable_path/Frameworks",
					"@loader_path/Frameworks",
				);
				PRODUCT_BUNDLE_IDENTIFIER = "Subbu-Chaudhary.VirtusaCodingTestTests";
				PRODUCT_NAME = "$(TARGET_NAME)";
				SWIFT_VERSION = 5.0;
				TARGETED_DEVICE_FAMILY = "1,2";
				TEST_HOST = "$(BUILT_PRODUCTS_DIR)/VirtusaCodingTest.app/VirtusaCodingTest";
			};
			name = Release;
		};
		D9AB3F452268082400874D9D /* Debug */ = {
			isa = XCBuildConfiguration;
			buildSettings = {
				ALWAYS_EMBED_SWIFT_STANDARD_LIBRARIES = YES;
				CODE_SIGN_STYLE = Automatic;
				DEVELOPMENT_TEAM = PGLSP3373Z;
				INFOPLIST_FILE = VirtusaCodingTestUITests/Info.plist;
				LD_RUNPATH_SEARCH_PATHS = (
					"$(inherited)",
					"@executable_path/Frameworks",
					"@loader_path/Frameworks",
				);
				PRODUCT_BUNDLE_IDENTIFIER = "Subbu-Chaudhary.VirtusaCodingTestUITests";
				PRODUCT_NAME = "$(TARGET_NAME)";
				SWIFT_VERSION = 5.0;
				TARGETED_DEVICE_FAMILY = "1,2";
				TEST_TARGET_NAME = VirtusaCodingTest;
			};
			name = Debug;
		};
		D9AB3F462268082400874D9D /* Release */ = {
			isa = XCBuildConfiguration;
			buildSettings = {
				ALWAYS_EMBED_SWIFT_STANDARD_LIBRARIES = YES;
				CODE_SIGN_STYLE = Automatic;
				DEVELOPMENT_TEAM = PGLSP3373Z;
				INFOPLIST_FILE = VirtusaCodingTestUITests/Info.plist;
				LD_RUNPATH_SEARCH_PATHS = (
					"$(inherited)",
					"@executable_path/Frameworks",
					"@loader_path/Frameworks",
				);
				PRODUCT_BUNDLE_IDENTIFIER = "Subbu-Chaudhary.VirtusaCodingTestUITests";
				PRODUCT_NAME = "$(TARGET_NAME)";
				SWIFT_VERSION = 5.0;
				TARGETED_DEVICE_FAMILY = "1,2";
				TEST_TARGET_NAME = VirtusaCodingTest;
			};
			name = Release;
		};
/* End XCBuildConfiguration section */

/* Begin XCConfigurationList section */
		D9AB3F112268081E00874D9D /* Build configuration list for PBXProject "VirtusaCodingTest" */ = {
			isa = XCConfigurationList;
			buildConfigurations = (
				D9AB3F3C2268082400874D9D /* Debug */,
				D9AB3F3D2268082400874D9D /* Release */,
			);
			defaultConfigurationIsVisible = 0;
			defaultConfigurationName = Release;
		};
		D9AB3F3E2268082400874D9D /* Build configuration list for PBXNativeTarget "VirtusaCodingTest" */ = {
			isa = XCConfigurationList;
			buildConfigurations = (
				D9AB3F3F2268082400874D9D /* Debug */,
				D9AB3F402268082400874D9D /* Release */,
			);
			defaultConfigurationIsVisible = 0;
			defaultConfigurationName = Release;
		};
		D9AB3F412268082400874D9D /* Build configuration list for PBXNativeTarget "VirtusaCodingTestTests" */ = {
			isa = XCConfigurationList;
			buildConfigurations = (
				D9AB3F422268082400874D9D /* Debug */,
				D9AB3F432268082400874D9D /* Release */,
			);
			defaultConfigurationIsVisible = 0;
			defaultConfigurationName = Release;
		};
		D9AB3F442268082400874D9D /* Build configuration list for PBXNativeTarget "VirtusaCodingTestUITests" */ = {
			isa = XCConfigurationList;
			buildConfigurations = (
				D9AB3F452268082400874D9D /* Debug */,
				D9AB3F462268082400874D9D /* Release */,
			);
			defaultConfigurationIsVisible = 0;
			defaultConfigurationName = Release;
		};
/* End XCConfigurationList section */
	};
	rootObject = D9AB3F0E2268081E00874D9D /* Project object */;
}
